
Microsoft Visual Studio Solution File, Format Version 12.00
# Visual Studio Version 17
VisualStudioVersion = 17.9.34714.143
MinimumVisualStudioVersion = 10.0.40219.1
Project("{FAE04EC0-301F-11D3-BF4B-00C04F79EFBC}") = "API.Funcionarios", "API.Funcionarios\API.Funcionarios.csproj", "{21B6CE7B-0654-45B7-BCA6-D473CD528283}"
EndProject
Global
	GlobalSection(SolutionConfigurationPlatforms) = preSolution
		Debug|Any CPU = Debug|Any CPU
		Release|Any CPU = Release|Any CPU
	EndGlobalSection
	GlobalSection(ProjectConfigurationPlatforms) = postSolution
		{21B6CE7B-0654-45B7-BCA6-D473CD528283}.Debug|Any CPU.ActiveCfg = Debug|Any CPU
		{21B6CE7B-0654-45B7-BCA6-D473CD528283}.Debug|Any CPU.Build.0 = Debug|Any CPU
		{21B6CE7B-0654-45B7-BCA6-D473CD528283}.Release|Any CPU.ActiveCfg = Release|Any CPU
		{21B6CE7B-0654-45B7-BCA6-D473CD528283}.Release|Any CPU.Build.0 = Release|Any CPU
	EndGlobalSection
	GlobalSection(SolutionProperties) = preSolution
		HideSolutionNode = FALSE
	EndGlobalSection
	GlobalSection(ExtensibilityGlobals) = postSolution
		SolutionGuid = {41130CA3-8E2B-421B-BADC-E700AAD843AB}
	EndGlobalSection
EndGlobal
